GEM
  remote: https://rubygems.org/
  specs:
    ffi (1.17.4)
    ffi (1.17.4-aarch64-linux-gnu)
    ffi (1.17.4-aarch64-linux-musl)
    ffi (1.17.4-arm-linux-gnu)
    ffi (1.17.4-arm-linux-musl)
    ffi (1.17.4-arm64-darwin)
    ffi (1.17.4-x86-linux-gnu)
    ffi (1.17.4-x86-linux-musl)
    ffi (1.17.4-x86_64-darwin)
    ffi (1.17.4-x86_64-linux-gnu)
    ffi (1.17.4-x86_64-linux-musl)
    kramdown (2.5.2)
      rexml (>= 3.4.4)
    rake (13.4.2)
    rb-fsevent (0.11.2)
    rb-inotify (0.11.1)
      ffi (~> 1.0)
    rexml (3.4.4)
    sass (3.7.4)
      sass-listen (~> 4.0.0)
    sass-listen (4.0.0)
      rb-fsevent (~> 0.9, >= 0.9.4)
      rb-inotify (~> 0.9, >= 0.9.7)

PLATFORMS
  aarch64-linux-gnu
  aarch64-linux-musl
  arm-linux-gnu
  arm-linux-musl
  arm64-darwin
  ruby
  x86-linux-gnu
  x86-linux-musl
  x86_64-darwin
  x86_64-linux-gnu
  x86_64-linux-musl

DEPENDENCIES
  kramdown
  rake
  sass

CHECKSUMS
  bundler (4.0.19) sha256=b48056e4c77fb3853cc47775b5447ede44aaa4f53c32f168014ab4fe86587d47
  ffi (1.17.4) sha256=bcd1642e06f0d16fc9e09ac6d49c3a7298b9789bcb58127302f934e437d60acf
  ffi (1.17.4-aarch64-linux-gnu) sha256=b208f06f91ffd8f5e1193da3cae3d2ccfc27fc36fba577baf698d26d91c080df
  ffi (1.17.4-aarch64-linux-musl) sha256=9286b7a615f2676245283aef0a0a3b475ae3aae2bb5448baace630bb77b91f39
  ffi (1.17.4-arm-linux-gnu) sha256=d6dbddf7cb77bf955411af5f187a65b8cd378cb003c15c05697f5feee1cb1564
  ffi (1.17.4-arm-linux-musl) sha256=9d4838ded0465bef6e2426935f6bcc93134b6616785a84ffd2a3d82bc3cf6f95
  ffi (1.17.4-arm64-darwin) sha256=19071aaf1419251b0a46852abf960e77330a3b334d13a4ab51d58b31a937001b
  ffi (1.17.4-x86-linux-gnu) sha256=38e150df5f4ca555e25beca4090823ae09657bceded154e3c52f8631c1ed72cf
  ffi (1.17.4-x86-linux-musl) sha256=fbeec0fc7c795bcf86f623bb18d31ea1820f7bd580e1703a3d3740d527437809
  ffi (1.17.4-x86_64-darwin) sha256=aa70390523cf3235096cf64962b709b4cfbd5c082a2cb2ae714eb0fe2ccda496
  ffi (1.17.4-x86_64-linux-gnu) sha256=9d3db14c2eae074b382fa9c083fe95aec6e0a1451da249eab096c34002bc752d
  ffi (1.17.4-x86_64-linux-musl) sha256=3fdf9888483de005f8ef8d1cf2d3b20d86626af206cbf780f6a6a12439a9c49e
  kramdown (2.5.2) sha256=1ba542204c66b6f9111ff00dcc26075b95b220b07f2905d8261740c82f7f02fa
  rake (13.4.2) sha256=cb825b2bd5f1f8e91ca37bddb4b9aaf345551b4731da62949be002fa89283701
  rb-fsevent (0.11.2) sha256=43900b972e7301d6570f64b850a5aa67833ee7d87b458ee92805d56b7318aefe
  rb-inotify (0.11.1) sha256=a0a700441239b0ff18eb65e3866236cd78613d6b9f78fea1f9ac47a85e47be6e
  rexml (3.4.4) sha256=19e0a2c3425dfbf2d4fc1189747bdb2f849b6c5e74180401b15734bc97b5d142
  sass (3.7.4) sha256=808b0d39053aa69068df939e24671fe84fd5a9d3314486e1a1457d0934a4255d
  sass-listen (4.0.0) sha256=ae9dcb76dd3e234329e5ba6e213f48e532c5a3e7b0b4d8a87f13aaca0cc18377

BUNDLED WITH
  4.0.19
